
Microsoft Visual Studio Solution File, Format Version 12.00
# Visual Studio 15
VisualStudioVersion = 15.0.27428.2015
MinimumVisualStudioVersion = 10.0.40219.1
Project("{FAE04EC0-301F-11D3-BF4B-00C04F79EFBC}") = "SA46Team10ASportsFacilityBookingSystem", "SA46Team10ASportsFacilityBookingSystem.csproj", "{12466064-03E4-470F-B288-9A3B12655EEA}"
EndProject
Global
	GlobalSection(SolutionConfigurationPlatforms) = preSolution
		Debug|Any CPU = Debug|Any CPU
		Release|Any CPU = Release|Any CPU
	EndGlobalSection
	GlobalSection(ProjectConfigurationPlatforms) = postSolution
		{12466064-03E4-470F-B288-9A3B12655EEA}.Debug|Any CPU.ActiveCfg = Debug|Any CPU
		{12466064-03E4-470F-B288-9A3B12655EEA}.Debug|Any CPU.Build.0 = Debug|Any CPU
		{12466064-03E4-470F-B288-9A3B12655EEA}.Release|Any CPU.ActiveCfg = Release|Any CPU
		{12466064-03E4-470F-B288-9A3B12655EEA}.Release|Any CPU.Build.0 = Release|Any CPU
	EndGlobalSection
	GlobalSection(SolutionProperties) = preSolution
		HideSolutionNode = FALSE
	EndGlobalSection
	GlobalSection(ExtensibilityGlobals) = postSolution
		SolutionGuid = {06968550-6168-4E46-A659-4CEABF951B7E}
	EndGlobalSection
EndGlobal
